
Microsoft Visual Studio Solution File, Format Version 12.00
# Visual Studio Version 17
VisualStudioVersion = 17.5.33516.290
MinimumVisualStudioVersion = 10.0.40219.1
Project("{FAE04EC0-301F-11D3-BF4B-00C04F79EFBC}") = "candy_project", "candy_project\candy_project.csproj", "{2F3EB613-A199-4AF5-BBF5-D6D81FA85C50}"
EndProject
Global
	GlobalSection(SolutionConfigurationPlatforms) = preSolution
		Debug|Any CPU = Debug|Any CPU
		Release|Any CPU = Release|Any CPU
	EndGlobalSection
	GlobalSection(ProjectConfigurationPlatforms) = postSolution
		{2F3EB613-A199-4AF5-BBF5-D6D81FA85C50}.Debug|Any CPU.ActiveCfg = Debug|Any CPU
		{2F3EB613-A199-4AF5-BBF5-D6D81FA85C50}.Debug|Any CPU.Build.0 = Debug|Any CPU
		{2F3EB613-A199-4AF5-BBF5-D6D81FA85C50}.Release|Any CPU.ActiveCfg = Release|Any CPU
		{2F3EB613-A199-4AF5-BBF5-D6D81FA85C50}.Release|Any CPU.Build.0 = Release|Any CPU
	EndGlobalSection
	GlobalSection(SolutionProperties) = preSolution
		HideSolutionNode = FALSE
	EndGlobalSection
	GlobalSection(ExtensibilityGlobals) = postSolution
		SolutionGuid = {A8EE0414-E145-404F-B9B0-C21B7852DF21}
	EndGlobalSection
EndGlobal
